// !$*UTF8*$!
{
	archiveVersion = 1;
	classes = {
	};
	objectVersion = 48;
	objects = {

/* Begin PBXBuildFile section */
		5546156ED6096BE0AAAE08A5 /* Pods_Todoey.framework in Frameworks */ = {isa = PBXBuildFile; fileRef = 3931211D8988E700B53E9DE4 /* Pods_Todoey.framework */; };
		F6EE1BE72080543E00D542A3 /* AppDelegate.swift in Sources */ = {isa = PBXBuildFile; fileRef = F6EE1BE62080543E00D542A3 /* AppDelegate.swift */; };
		F6EE1BE92080543F00D542A3 /* TodoListViewController.swift in Sources */ = {isa = PBXBuildFile; fileRef = F6EE1BE82080543F00D542A3 /* TodoListViewController.swift */; };
		F6EE1BEC2080543F00D542A3 /* Main.storyboard in Resources */ = {isa = PBXBuildFile; fileRef = F6EE1BEA2080543F00D542A3 /* Main.storyboard */; };
		F6EE1BEE2080543F00D542A3 /* Assets.xcassets in Resources */ = {isa = PBXBuildFile; fileRef = F6EE1BED2080543F00D542A3 /* Assets.xcassets */; };
		F6EE1BF12080543F00D542A3 /* LaunchScreen.storyboard in Resources */ = {isa = PBXBuildFile; fileRef = F6EE1BEF2080543F00D542A3 /* LaunchScreen.storyboard */; };
		F6EE1C232086EB0500D542A3 /* CategoryViewController.swift in Sources */ = {isa = PBXBuildFile; fileRef = F6EE1C222086EB0500D542A3 /* CategoryViewController.swift */; };
		F6EE1C27208ED6C100D542A3 /* Item.swift in Sources */ = {isa = PBXBuildFile; fileRef = F6EE1C26208ED6C100D542A3 /* Item.swift */; };
		F6EE1C29208ED6CF00D542A3 /* Category.swift in Sources */ = {isa = PBXBuildFile; fileRef = F6EE1C28208ED6CF00D542A3 /* Category.swift */; };
/* End PBXBuildFile section */

/* Begin PBXFileReference section */
		3931211D8988E700B53E9DE4 /* Pods_Todoey.framework */ = {isa = PBXFileReference; explicitFileType = wrapper.framework; includeInIndex = 0; path = Pods_Todoey.framework; sourceTree = BUILT_PRODUCTS_DIR; };
		4E5DA576E028E54DA5B7610D /* Pods-Todoey.release.xcconfig */ = {isa = PBXFileReference; includeInIndex = 1; lastKnownFileType = text.xcconfig; name = "Pods-Todoey.release.xcconfig"; path = "Pods/Target Support Files/Pods-Todoey/Pods-Todoey.release.xcconfig"; sourceTree = "<group>"; };
		9111CB2406DEF104D4C02CC5 /* Pods-Todoey.debug.xcconfig */ = {isa = PBXFileReference; includeInIndex = 1; lastKnownFileType = text.xcconfig; name = "Pods-Todoey.debug.xcconfig"; path = "Pods/Target Support Files/Pods-Todoey/Pods-Todoey.debug.xcconfig"; sourceTree = "<group>"; };
		F6EE1BE32080543E00D542A3 /* Todoey.app */ = {isa = PBXFileReference; explicitFileType = wrapper.application; includeInIndex = 0; path = Todoey.app; sourceTree = BUILT_PRODUCTS_DIR; };
		F6EE1BE62080543E00D542A3 /* AppDelegate.swift */ = {isa = PBXFileReference; lastKnownFileType = sourcecode.swift; path = AppDelegate.swift; sourceTree = "<group>"; };
		F6EE1BE82080543F00D542A3 /* TodoListViewController.swift */ = {isa = PBXFileReference; lastKnownFileType = sourcecode.swift; path = TodoListViewController.swift; sourceTree = "<group>"; };
		F6EE1BEB2080543F00D542A3 /* Base */ = {isa = PBXFileReference; lastKnownFileType = file.storyboard; name = Base; path = Base.lproj/Main.storyboard; sourceTree = "<group>"; };
		F6EE1BED2080543F00D542A3 /* Assets.xcassets */ = {isa = PBXFileReference; lastKnownFileType = folder.assetcatalog; path = Assets.xcassets; sourceTree = "<group>"; };
		F6EE1BF02080543F00D542A3 /* Base */ = {isa = PBXFileReference; lastKnownFileType = file.storyboard; name = Base; path = Base.lproj/LaunchScreen.storyboard; sourceTree = "<group>"; };
		F6EE1BF22080543F00D542A3 /* Info.plist */ = {isa = PBXFileReference; lastKnownFileType = text.plist.xml; path = Info.plist; sourceTree = "<group>"; };
		F6EE1C222086EB0500D542A3 /* CategoryViewController.swift */ = {isa = PBXFileReference; lastKnownFileType = sourcecode.swift; path = CategoryViewController.swift; sourceTree = "<group>"; };
		F6EE1C26208ED6C100D542A3 /* Item.swift */ = {isa = PBXFileReference; lastKnownFileType = sourcecode.swift; path = Item.swift; sourceTree = "<group>"; };
		F6EE1C28208ED6CF00D542A3 /* Category.swift */ = {isa = PBXFileReference; lastKnownFileType = sourcecode.swift; path = Category.swift; sourceTree = "<group>"; };
/* End PBXFileReference section */

/* Begin PBXFrameworksBuildPhase section */
		F6EE1BE02080543E00D542A3 /* Frameworks */ = {
			isa = PBXFrameworksBuildPhase;
			buildActionMask = 2147483647;
			files = (
				5546156ED6096BE0AAAE08A5 /* Pods_Todoey.framework in Frameworks */,
			);
			runOnlyForDeploymentPostprocessing = 0;
		};
/* End PBXFrameworksBuildPhase section */

/* Begin PBXGroup section */
		26FC7B819A9B813DD7B03158 /* Frameworks */ = {
			isa = PBXGroup;
			children = (
				3931211D8988E700B53E9DE4 /* Pods_Todoey.framework */,
			);
			name = Frameworks;
			sourceTree = "<group>";
		};
		836BED58B6FC8786E3D2F988 /* Pods */ = {
			isa = PBXGroup;
			children = (
				9111CB2406DEF104D4C02CC5 /* Pods-Todoey.debug.xcconfig */,
				4E5DA576E028E54DA5B7610D /* Pods-Todoey.release.xcconfig */,
			);
			name = Pods;
			sourceTree = "<group>";
		};
		F6EE1BDA2080543E00D542A3 = {
			isa = PBXGroup;
			children = (
				F6EE1BE52080543E00D542A3 /* Todoey */,
				F6EE1BE42080543E00D542A3 /* Products */,
				836BED58B6FC8786E3D2F988 /* Pods */,
				26FC7B819A9B813DD7B03158 /* Frameworks */,
			);
			sourceTree = "<group>";
		};
		F6EE1BE42080543E00D542A3 /* Products */ = {
			isa = PBXGroup;
			children = (
				F6EE1BE32080543E00D542A3 /* Todoey.app */,
			);
			name = Products;
			sourceTree = "<group>";
		};
		F6EE1BE52080543E00D542A3 /* Todoey */ = {
			isa = PBXGroup;
			children = (
				F6EE1BFD2082922700D542A3 /* Supporting Files */,
				F6EE1BE62080543E00D542A3 /* AppDelegate.swift */,
				F6EE1BFB208291E600D542A3 /* Controllers */,
				F6EE1BFC208291F700D542A3 /* Views */,
				F6EE1BF22080543F00D542A3 /* Info.plist */,
				F6EE1BFA208291D800D542A3 /* Data Model */,
			);
			path = Todoey;
			sourceTree = "<group>";
		};
		F6EE1BFA208291D800D542A3 /* Data Model */ = {
			isa = PBXGroup;
			children = (
				F6EE1C26208ED6C100D542A3 /* Item.swift */,
				F6EE1C28208ED6CF00D542A3 /* Category.swift */,
			);
			path = "Data Model";
			sourceTree = "<group>";
		};
		F6EE1BFB208291E600D542A3 /* Controllers */ = {
			isa = PBXGroup;
			children = (
				F6EE1C222086EB0500D542A3 /* CategoryViewController.swift */,
				F6EE1BE82080543F00D542A3 /* TodoListViewController.swift */,
			);
			path = Controllers;
			sourceTree = "<group>";
		};
		F6EE1BFC208291F700D542A3 /* Views */ = {
			isa = PBXGroup;
			children = (
				F6EE1BEA2080543F00D542A3 /* Main.storyboard */,
			);
			path = Views;
			sourceTree = "<group>";
		};
		F6EE1BFD2082922700D542A3 /* Supporting Files */ = {
			isa = PBXGroup;
			children = (
				F6EE1BEF2080543F00D542A3 /* LaunchScreen.storyboard */,
				F6EE1BED2080543F00D542A3 /* Assets.xcassets */,
			);
			path = "Supporting Files";
			sourceTree = "<group>";
		};
/* End PBXGroup section */

/* Begin PBXNativeTarget section */
		F6EE1BE22080543E00D542A3 /* Todoey */ = {
			isa = PBXNativeTarget;
			buildConfigurationList = F6EE1BF52080543F00D542A3 /* Build configuration list for PBXNativeTarget "Todoey" */;
			buildPhases = (
				E860B37881FD980327E80796 /* [CP] Check Pods Manifest.lock */,
				F6EE1BDF2080543E00D542A3 /* Sources */,
				F6EE1BE02080543E00D542A3 /* Frameworks */,
				F6EE1BE12080543E00D542A3 /* Resources */,
				28E455D9ADC598DBFE9CDAE5 /* [CP] Embed Pods Frameworks */,
				E3B5A9D23F8C660CFF7DD142 /* [CP] Copy Pods Resources */,
			);
			buildRules = (
			);
			dependencies = (
			);
			name = Todoey;
			productName = Todoey;
			productReference = F6EE1BE32080543E00D542A3 /* Todoey.app */;
			productType = "com.apple.product-type.application";
		};
/* End PBXNativeTarget section */

/* Begin PBXProject section */
		F6EE1BDB2080543E00D542A3 /* Project object */ = {
			isa = PBXProject;
			attributes = {
				LastSwiftUpdateCheck = 0920;
				LastUpgradeCheck = 0920;
				ORGANIZATIONNAME = "Binary Sunrise";
				TargetAttributes = {
					F6EE1BE22080543E00D542A3 = {
						CreatedOnToolsVersion = 9.2;
						ProvisioningStyle = Automatic;
					};
				};
			};
			buildConfigurationList = F6EE1BDE2080543E00D542A3 /* Build configuration list for PBXProject "Todoey" */;
			compatibilityVersion = "Xcode 8.0";
			developmentRegion = en;
			hasScannedForEncodings = 0;
			knownRegions = (
				en,
				Base,
			);
			mainGroup = F6EE1BDA2080543E00D542A3;
			productRefGroup = F6EE1BE42080543E00D542A3 /* Products */;
			projectDirPath = "";
			projectRoot = "";
			targets = (
				F6EE1BE22080543E00D542A3 /* Todoey */,
			);
		};
/* End PBXProject section */

/* Begin PBXResourcesBuildPhase section */
		F6EE1BE12080543E00D542A3 /* Resources */ = {
			isa = PBXResourcesBuildPhase;
			buildActionMask = 2147483647;
			files = (
				F6EE1BF12080543F00D542A3 /* LaunchScreen.storyboard in Resources */,
				F6EE1BEE2080543F00D542A3 /* Assets.xcassets in Resources */,
				F6EE1BEC2080543F00D542A3 /* Main.storyboard in Resources */,
			);
			runOnlyForDeploymentPostprocessing = 0;
		};
/* End PBXResourcesBuildPhase section */

/* Begin PBXShellScriptBuildPhase section */
		28E455D9ADC598DBFE9CDAE5 /* [CP] Embed Pods Frameworks */ = {
			isa = PBXShellScriptBuildPhase;
			buildActionMask = 2147483647;
			files = (
			);
			inputPaths = (
				"${SRCROOT}/Pods/Target Support Files/Pods-Todoey/Pods-Todoey-frameworks.sh",
				"${BUILT_PRODUCTS_DIR}/Realm/Realm.framework",
				"${BUILT_PRODUCTS_DIR}/RealmSwift/RealmSwift.framework",
			);
			name = "[CP] Embed Pods Frameworks";
			outputPaths = (
				"${TARGET_BUILD_DIR}/${FRAMEWORKS_FOLDER_PATH}/Realm.framework",
				"${TARGET_BUILD_DIR}/${FRAMEWORKS_FOLDER_PATH}/RealmSwift.framework",
			);
			runOnlyForDeploymentPostprocessing = 0;
			shellPath = /bin/sh;
			shellScript = "\"${SRCROOT}/Pods/Target Support Files/Pods-Todoey/Pods-Todoey-frameworks.sh\"\n";
			showEnvVarsInLog = 0;
		};
		E3B5A9D23F8C660CFF7DD142 /* [CP] Copy Pods Resources */ = {
			isa = PBXShellScriptBuildPhase;
			buildActionMask = 2147483647;
			files = (
			);
			inputPaths = (
			);
			name = "[CP] Copy Pods Resources";
			outputPaths = (
			);
			runOnlyForDeploymentPostprocessing = 0;
			shellPath = /bin/sh;
			shellScript = "\"${SRCROOT}/Pods/Target Support Files/Pods-Todoey/Pods-Todoey-resources.sh\"\n";
			showEnvVarsInLog = 0;
		};
		E860B37881FD980327E80796 /* [CP] Check Pods Manifest.lock */ = {
			isa = PBXShellScriptBuildPhase;
			buildActionMask = 2147483647;
			files = (
			);
			inputPaths = (
				"${PODS_PODFILE_DIR_PATH}/Podfile.lock",
				"${PODS_ROOT}/Manifest.lock",
			);
			name = "[CP] Check Pods Manifest.lock";
			outputPaths = (
				"$(DERIVED_FILE_DIR)/Pods-Todoey-checkManifestLockResult.txt",
			);
			runOnlyForDeploymentPostprocessing = 0;
			shellPath = /bin/sh;
			shellScript = "diff \"${PODS_PODFILE_DIR_PATH}/Podfile.lock\" \"${PODS_ROOT}/Manifest.lock\" > /dev/null\nif [ $? != 0 ] ; then\n    # print error to STDERR\n    echo \"error: The sandbox is not in sync with the Podfile.lock. Run 'pod install' or update your CocoaPods installation.\" >&2\n    exit 1\nfi\n# This output is used by Xcode 'outputs' to avoid re-running this script phase.\necho \"SUCCESS\" > \"${SCRIPT_OUTPUT_FILE_0}\"\n";
			showEnvVarsInLog = 0;
		};
/* End PBXShellScriptBuildPhase section */

/* Begin PBXSourcesBuildPhase section */
		F6EE1BDF2080543E00D542A3 /* Sources */ = {
			isa = PBXSourcesBuildPhase;
			buildActionMask = 2147483647;
			files = (
				F6EE1C27208ED6C100D542A3 /* Item.swift in Sources */,
				F6EE1C232086EB0500D542A3 /* CategoryViewController.swift in Sources */,
				F6EE1BE92080543F00D542A3 /* TodoListViewController.swift in Sources */,
				F6EE1BE72080543E00D542A3 /* AppDelegate.swift in Sources */,
				F6EE1C29208ED6CF00D542A3 /* Category.swift in Sources */,
			);
			runOnlyForDeploymentPostprocessing = 0;
		};
/* End PBXSourcesBuildPhase section */

/* Begin PBXVariantGroup section */
		F6EE1BEA2080543F00D542A3 /* Main.storyboard */ = {
			isa = PBXVariantGroup;
			children = (
				F6EE1BEB2080543F00D542A3 /* Base */,
			);
			name = Main.storyboard;
			sourceTree = "<group>";
		};
		F6EE1BEF2080543F00D542A3 /* LaunchScreen.storyboard */ = {
			isa = PBXVariantGroup;
			children = (
				F6EE1BF02080543F00D542A3 /* Base */,
			);
			name = LaunchScreen.storyboard;
			sourceTree = "<group>";
		};
/* End PBXVariantGroup section */

/* Begin XCBuildConfiguration section */
		F6EE1BF32080543F00D542A3 /* Debug */ = {
			isa = XCBuildConfiguration;
			buildSettings = {
				ALWAYS_SEARCH_USER_PATHS = NO;
				CLANG_ANALYZER_NONNULL = YES;
				CLANG_ANALYZER_NUMBER_OBJECT_CONVERSION = YES_AGGRESSIVE;
				CLANG_CXX_LANGUAGE_STANDARD = "gnu++14";
				CLANG_CXX_LIBRARY = "libc++";
				CLANG_ENABLE_MODULES = YES;
				CLANG_ENABLE_OBJC_ARC = YES;
				CLANG_WARN_BLOCK_CAPTURE_AUTORELEASING = YES;
				CLANG_WARN_BOOL_CONVERSION = YES;
				CLANG_WARN_COMMA = YES;
				CLANG_WARN_CONSTANT_CONVERSION = YES;
				CLANG_WARN_DIRECT_OBJC_ISA_USAGE = YES_ERROR;
				CLANG_WARN_DOCUMENTATION_COMMENTS = YES;
				CLANG_WARN_EMPTY_BODY = YES;
				CLANG_WARN_ENUM_CONVERSION = YES;
				CLANG_WARN_INFINITE_RECURSION = YES;
				CLANG_WARN_INT_CONVERSION = YES;
				CLANG_WARN_NON_LITERAL_NULL_CONVERSION = YES;
				CLANG_WARN_OBJC_LITERAL_CONVERSION = YES;
				CLANG_WARN_OBJC_ROOT_CLASS = YES_ERROR;
				CLANG_WARN_RANGE_LOOP_ANALYSIS = YES;
				CLANG_WARN_STRICT_PROTOTYPES = YES;
				CLANG_WARN_SUSPICIOUS_MOVE = YES;
				CLANG_WARN_UNGUARDED_AVAILABILITY = YES_AGGRESSIVE;
				CLANG_WARN_UNREACHABLE_CODE = YES;
				CLANG_WARN__DUPLICATE_METHOD_MATCH = YES;
				CODE_SIGN_IDENTITY = "iPhone Developer";
				COPY_PHASE_STRIP = NO;
				DEBUG_INFORMATION_FORMAT = dwarf;
				ENABLE_STRICT_OBJC_MSGSEND = YES;
				ENABLE_TESTABILITY = YES;
				GCC_C_LANGUAGE_STANDARD = gnu11;
				GCC_DYNAMIC_NO_PIC = NO;
				GCC_NO_COMMON_BLOCKS = YES;
				GCC_OPTIMIZATION_LEVEL = 0;
				GCC_PREPROCESSOR_DEFINITIONS = (
					"DEBUG=1",
					"$(inherited)",
				);
				GCC_WARN_64_TO_32_BIT_CONVERSION = YES;
				GCC_WARN_ABOUT_RETURN_TYPE = YES_ERROR;
				GCC_WARN_UNDECLARED_SELECTOR = YES;
				GCC_WARN_UNINITIALIZED_AUTOS = YES_AGGRESSIVE;
				GCC_WARN_UNUSED_FUNCTION = YES;
				GCC_WARN_UNUSED_VARIABLE = YES;
				IPHONEOS_DEPLOYMENT_TARGET = 11.2;
				MTL_ENABLE_DEBUG_INFO = YES;
				ONLY_ACTIVE_ARCH = YES;
				SDKROOT = iphoneos;
				SWIFT_ACTIVE_COMPILATION_CONDITIONS = DEBUG;
				SWIFT_OPTIMIZATION_LEVEL = "-Onone";
			};
			name = Debug;
		};
		F6EE1BF42080543F00D542A3 /* Release */ = {
			isa = XCBuildConfiguration;
			buildSettings = {
				ALWAYS_SEARCH_USER_PATHS = NO;
				CLANG_ANALYZER_NONNULL = YES;
				CLANG_ANALYZER_NUMBER_OBJECT_CONVERSION = YES_AGGRESSIVE;
				CLANG_CXX_LANGUAGE_STANDARD = "gnu++14";
				CLANG_CXX_LIBRARY = "libc++";
				CLANG_ENABLE_MODULES = YES;
				CLANG_ENABLE_OBJC_ARC = YES;
				CLANG_WARN_BLOCK_CAPTURE_AUTORELEASING = YES;
				CLANG_WARN_BOOL_CONVERSION = YES;
				CLANG_WARN_COMMA = YES;
				CLANG_WARN_CONSTANT_CONVERSION = YES;
				CLANG_WARN_DIRECT_OBJC_ISA_USAGE = YES_ERROR;
				CLANG_WARN_DOCUMENTATION_COMMENTS = YES;
				CLANG_WARN_EMPTY_BODY = YES;
				CLANG_WARN_ENUM_CONVERSION = YES;
				CLANG_WARN_INFINITE_RECURSION = YES;
				CLANG_WARN_INT_CONVERSION = YES;
				CLANG_WARN_NON_LITERAL_NULL_CONVERSION = YES;
				CLANG_WARN_OBJC_LITERAL_CONVERSION = YES;
				CLANG_WARN_OBJC_ROOT_CLASS = YES_ERROR;
				CLANG_WARN_RANGE_LOOP_ANALYSIS = YES;
				CLANG_WARN_STRICT_PROTOTYPES = YES;
				CLANG_WARN_SUSPICIOUS_MOVE = YES;
				CLANG_WARN_UNGUARDED_AVAILABILITY = YES_AGGRESSIVE;
				CLANG_WARN_UNREACHABLE_CODE = YES;
				CLANG_WARN__DUPLICATE_METHOD_MATCH = YES;
				CODE_SIGN_IDENTITY = "iPhone Developer";
				COPY_PHASE_STRIP = NO;
				DEBUG_INFORMATION_FORMAT = "dwarf-with-dsym";
				ENABLE_NS_ASSERTIONS = NO;
				ENABLE_STRICT_OBJC_MSGSEND = YES;
				GCC_C_LANGUAGE_STANDARD = gnu11;
				GCC_NO_COMMON_BLOCKS = YES;
				GCC_WARN_64_TO_32_BIT_CONVERSION = YES;
				GCC_WARN_ABOUT_RETURN_TYPE = YES_ERROR;
				GCC_WARN_UNDECLARED_SELECTOR = YES;
				GCC_WARN_UNINITIALIZED_AUTOS = YES_AGGRESSIVE;
				GCC_WARN_UNUSED_FUNCTION = YES;
				GCC_WARN_UNUSED_VARIABLE = YES;
				IPHONEOS_DEPLOYMENT_TARGET = 11.2;
				MTL_ENABLE_DEBUG_INFO = NO;
				SDKROOT = iphoneos;
				SWIFT_OPTIMIZATION_LEVEL = "-Owholemodule";
				VALIDATE_PRODUCT = YES;
			};
			name = Release;
		};
		F6EE1BF62080543F00D542A3 /* Debug */ = {
			isa = XCBuildConfiguration;
			baseConfigurationReference = 9111CB2406DEF104D4C02CC5 /* Pods-Todoey.debug.xcconfig */;
			buildSettings = {
				ASSETCATALOG_COMPILER_APPICON_NAME = AppIcon;
				CODE_SIGN_STYLE = Automatic;
				DEVELOPMENT_TEAM = 3UD33F5E7B;
				INFOPLIST_FILE = Todoey/Info.plist;
				LD_RUNPATH_SEARCH_PATHS = "$(inherited) @executable_path/Frameworks";
				PRODUCT_BUNDLE_IDENTIFIER = net.binarysunrise.Todoey;
				PRODUCT_NAME = "$(TARGET_NAME)";
				SWIFT_VERSION = 4.0;
				TARGETED_DEVICE_FAMILY = "1,2";
			};
			name = Debug;
		};
		F6EE1BF72080543F00D542A3 /* Release */ = {
			isa = XCBuildConfiguration;
			baseConfigurationReference = 4E5DA576E028E54DA5B7610D /* Pods-Todoey.release.xcconfig */;
			buildSettings = {
				ASSETCATALOG_COMPILER_APPICON_NAME = AppIcon;
				CODE_SIGN_STYLE = Automatic;
				DEVELOPMENT_TEAM = 3UD33F5E7B;
				INFOPLIST_FILE = Todoey/Info.plist;
				LD_RUNPATH_SEARCH_PATHS = "$(inherited) @executable_path/Frameworks";
				PRODUCT_BUNDLE_IDENTIFIER = net.binarysunrise.Todoey;
				PRODUCT_NAME = "$(TARGET_NAME)";
				SWIFT_VERSION = 4.0;
				TARGETED_DEVICE_FAMILY = "1,2";
			};
			name = Release;
		};
/* End XCBuildConfiguration section */

/* Begin XCConfigurationList section */
		F6EE1BDE2080543E00D542A3 /* Build configuration list for PBXProject "Todoey" */ = {
			isa = XCConfigurationList;
			buildConfigurations = (
				F6EE1BF32080543F00D542A3 /* Debug */,
				F6EE1BF42080543F00D542A3 /* Release */,
			);
			defaultConfigurationIsVisible = 0;
			defaultConfigurationName = Release;
		};
		F6EE1BF52080543F00D542A3 /* Build configuration list for PBXNativeTarget "Todoey" */ = {
			isa = XCConfigurationList;
			buildConfigurations = (
				F6EE1BF62080543F00D542A3 /* Debug */,
				F6EE1BF72080543F00D542A3 /* Release */,
			);
			defaultConfigurationIsVisible = 0;
			defaultConfigurationName = Release;
		};
/* End XCConfigurationList section */
	};
	rootObject = F6EE1BDB2080543E00D542A3 /* Project object */;
}
